// !$*UTF8*$!
{
	archiveVersion = 1;
	classes = {
	};
	objectVersion = 77;
	objects = {

/* Begin PBXBuildFile section */
		907682242D9B32A1008CD540 /* AMSMB2 in Frameworks */ = {isa = PBXBuildFile; productRef = 907682232D9B32A1008CD540 /* AMSMB2 */; settings = {ATTRIBUTES = (Required, ); }; };
		907682252D9B38EF008CD540 /* AMSMB2 in Embed Frameworks */ = {isa = PBXBuildFile; productRef = 907682232D9B32A1008CD540 /* AMSMB2 */; settings = {ATTRIBUTES = (CodeSignOnCopy, ); }; };
/* End PBXBuildFile section */

/* Begin PBXContainerItemProxy section */
		90548ABB2D9B23AA00948C4E /* PBXContainerItemProxy */ = {
			isa = PBXContainerItemProxy;
			containerPortal = 90548AA52D9B239F00948C4E /* Project object */;
			proxyType = 1;
			remoteGlobalIDString = 90548AAC2D9B239F00948C4E;
			remoteInfo = PicStream;
		};
		90548AC52D9B23AA00948C4E /* PBXContainerItemProxy */ = {
			isa = PBXContainerItemProxy;
			containerPortal = 90548AA52D9B239F00948C4E /* Project object */;
			proxyType = 1;
			remoteGlobalIDString = 90548AAC2D9B239F00948C4E;
			remoteInfo = PicStream;
		};
/* End PBXContainerItemProxy section */

/* Begin PBXCopyFilesBuildPhase section */
		907682262D9B38EF008CD540 /* Embed Frameworks */ = {
			isa = PBXCopyFilesBuildPhase;
			buildActionMask = 2147483647;
			dstPath = "";
			dstSubfolderSpec = 10;
			files = (
				907682252D9B38EF008CD540 /* AMSMB2 in Embed Frameworks */,
			);
			name = "Embed Frameworks";
			runOnlyForDeploymentPostprocessing = 0;
		};
/* End PBXCopyFilesBuildPhase section */

/* Begin PBXFileReference section */
		90548AAD2D9B239F00948C4E /* PicStream.app */ = {isa = PBXFileReference; explicitFileType = wrapper.application; includeInIndex = 0; path = PicStream.app; sourceTree = BUILT_PRODUCTS_DIR; };
		90548ABA2D9B23AA00948C4E /* PicStreamTests.xctest */ = {isa = PBXFileReference; explicitFileType = wrapper.cfbundle; includeInIndex = 0; path = PicStreamTests.xctest; sourceTree = BUILT_PRODUCTS_DIR; };
		90548AC42D9B23AA00948C4E /* PicStreamUITests.xctest */ = {isa = PBXFileReference; explicitFileType = wrapper.cfbundle; includeInIndex = 0; path = PicStreamUITests.xctest; sourceTree = BUILT_PRODUCTS_DIR; };
/* End PBXFileReference section */

/* Begin PBXFileSystemSynchronizedBuildFileExceptionSet section */
		9028D4BF2DB57C5100C5ACB5 /* Exceptions for "PicStream" folder in "PicStream" target */ = {
			isa = PBXFileSystemSynchronizedBuildFileExceptionSet;
			membershipExceptions = (
				Info.plist,
			);
			target = 90548AAC2D9B239F00948C4E /* PicStream */;
		};
/* End PBXFileSystemSynchronizedBuildFileExceptionSet section */

/* Begin PBXFileSystemSynchronizedRootGroup section */
		90548AAF2D9B239F00948C4E /* PicStream */ = {
			isa = PBXFileSystemSynchronizedRootGroup;
			exceptions = (
				9028D4BF2DB57C5100C5ACB5 /* Exceptions for "PicStream" folder in "PicStream" target */,
			);
			path = PicStream;
			sourceTree = "<group>";
		};
		90548ABD2D9B23AA00948C4E /* PicStreamTests */ = {
			isa = PBXFileSystemSynchronizedRootGroup;
			path = PicStreamTests;
			sourceTree = "<group>";
		};
		90548AC72D9B23AA00948C4E /* PicStreamUITests */ = {
			isa = PBXFileSystemSynchronizedRootGroup;
			path = PicStreamUITests;
			sourceTree = "<group>";
		};
/* End PBXFileSystemSynchronizedRootGroup section */

/* Begin PBXFrameworksBuildPhase section */
		90548AAA2D9B239F00948C4E /* Frameworks */ = {
			isa = PBXFrameworksBuildPhase;
			buildActionMask = 2147483647;
			files = (
				907682242D9B32A1008CD540 /* AMSMB2 in Frameworks */,
			);
			runOnlyForDeploymentPostprocessing = 0;
		};
		90548AB72D9B23AA00948C4E /* Frameworks */ = {
			isa = PBXFrameworksBuildPhase;
			buildActionMask = 2147483647;
			files = (
			);
			runOnlyForDeploymentPostprocessing = 0;
		};
		90548AC12D9B23AA00948C4E /* Frameworks */ = {
			isa = PBXFrameworksBuildPhase;
			buildActionMask = 2147483647;
			files = (
			);
			runOnlyForDeploymentPostprocessing = 0;
		};
/* End PBXFrameworksBuildPhase section */

/* Begin PBXGroup section */
		90548AA42D9B239F00948C4E = {
			isa = PBXGroup;
			children = (
				90548AAF2D9B239F00948C4E /* PicStream */,
				90548ABD2D9B23AA00948C4E /* PicStreamTests */,
				90548AC72D9B23AA00948C4E /* PicStreamUITests */,
				90548AAE2D9B239F00948C4E /* Products */,
			);
			sourceTree = "<group>";
		};
		90548AAE2D9B239F00948C4E /* Products */ = {
			isa = PBXGroup;
			children = (
				90548AAD2D9B239F00948C4E /* PicStream.app */,
				90548ABA2D9B23AA00948C4E /* PicStreamTests.xctest */,
				90548AC42D9B23AA00948C4E /* PicStreamUITests.xctest */,
			);
			name = Products;
			sourceTree = "<group>";
		};
/* End PBXGroup section */

/* Begin PBXNativeTarget section */
		90548AAC2D9B239F00948C4E /* PicStream */ = {
			isa = PBXNativeTarget;
			buildConfigurationList = 90548ACE2D9B23AA00948C4E /* Build configuration list for PBXNativeTarget "PicStream" */;
			buildPhases = (
				90548AA92D9B239F00948C4E /* Sources */,
				90548AAA2D9B239F00948C4E /* Frameworks */,
				90548AAB2D9B239F00948C4E /* Resources */,
				907682262D9B38EF008CD540 /* Embed Frameworks */,
			);
			buildRules = (
			);
			dependencies = (
			);
			fileSystemSynchronizedGroups = (
				90548AAF2D9B239F00948C4E /* PicStream */,
			);
			name = PicStream;
			packageProductDependencies = (
				907682232D9B32A1008CD540 /* AMSMB2 */,
			);
			productName = PicStream;
			productReference = 90548AAD2D9B239F00948C4E /* PicStream.app */;
			productType = "com.apple.product-type.application";
		};
		90548AB92D9B23AA00948C4E /* PicStreamTests */ = {
			isa = PBXNativeTarget;
			buildConfigurationList = 90548AD12D9B23AA00948C4E /* Build configuration list for PBXNativeTarget "PicStreamTests" */;
			buildPhases = (
				90548AB62D9B23AA00948C4E /* Sources */,
				90548AB72D9B23AA00948C4E /* Frameworks */,
				90548AB82D9B23AA00948C4E /* Resources */,
			);
			buildRules = (
			);
			dependencies = (
				90548ABC2D9B23AA00948C4E /* PBXTargetDependency */,
			);
			fileSystemSynchronizedGroups = (
				90548ABD2D9B23AA00948C4E /* PicStreamTests */,
			);
			name = PicStreamTests;
			packageProductDependencies = (
			);
			productName = PicStreamTests;
			productReference = 90548ABA2D9B23AA00948C4E /* PicStreamTests.xctest */;
			productType = "com.apple.product-type.bundle.unit-test";
		};
		90548AC32D9B23AA00948C4E /* PicStreamUITests */ = {
			isa = PBXNativeTarget;
			buildConfigurationList = 90548AD42D9B23AA00948C4E /* Build configuration list for PBXNativeTarget "PicStreamUITests" */;
			buildPhases = (
				90548AC02D9B23AA00948C4E /* Sources */,
				90548AC12D9B23AA00948C4E /* Frameworks */,
				90548AC22D9B23AA00948C4E /* Resources */,
			);
			buildRules = (
			);
			dependencies = (
				90548AC62D9B23AA00948C4E /* PBXTargetDependency */,
			);
			fileSystemSynchronizedGroups = (
				90548AC72D9B23AA00948C4E /* PicStreamUITests */,
			);
			name = PicStreamUITests;
			packageProductDependencies = (
			);
			productName = PicStreamUITests;
			productReference = 90548AC42D9B23AA00948C4E /* PicStreamUITests.xctest */;
			productType = "com.apple.product-type.bundle.ui-testing";
		};
/* End PBXNativeTarget section */

/* Begin PBXProject section */
		90548AA52D9B239F00948C4E /* Project object */ = {
			isa = PBXProject;
			attributes = {
				BuildIndependentTargetsInParallel = 1;
				LastSwiftUpdateCheck = 1630;
				LastUpgradeCheck = 1630;
				TargetAttributes = {
					90548AAC2D9B239F00948C4E = {
						CreatedOnToolsVersion = 16.3;
					};
					90548AB92D9B23AA00948C4E = {
						CreatedOnToolsVersion = 16.3;
						TestTargetID = 90548AAC2D9B239F00948C4E;
					};
					90548AC32D9B23AA00948C4E = {
						CreatedOnToolsVersion = 16.3;
						TestTargetID = 90548AAC2D9B239F00948C4E;
					};
				};
			};
			buildConfigurationList = 90548AA82D9B239F00948C4E /* Build configuration list for PBXProject "PicStream" */;
			developmentRegion = en;
			hasScannedForEncodings = 0;
			knownRegions = (
				en,
				Base,
			);
			mainGroup = 90548AA42D9B239F00948C4E;
			minimizedProjectReferenceProxies = 1;
			packageReferences = (
				907682222D9B32A1008CD540 /* XCRemoteSwiftPackageReference "AMSMB2" */,
			);
			preferredProjectObjectVersion = 77;
			productRefGroup = 90548AAE2D9B239F00948C4E /* Products */;
			projectDirPath = "";
			projectRoot = "";
			targets = (
				90548AAC2D9B239F00948C4E /* PicStream */,
				90548AB92D9B23AA00948C4E /* PicStreamTests */,
				90548AC32D9B23AA00948C4E /* PicStreamUITests */,
			);
		};
/* End PBXProject section */

/* Begin PBXResourcesBuildPhase section */
		90548AAB2D9B239F00948C4E /* Resources */ = {
			isa = PBXResourcesBuildPhase;
			buildActionMask = 2147483647;
			files = (
			);
			runOnlyForDeploymentPostprocessing = 0;
		};
		90548AB82D9B23AA00948C4E /* Resources */ = {
			isa = PBXResourcesBuildPhase;
			buildActionMask = 2147483647;
			files = (
			);
			runOnlyForDeploymentPostprocessing = 0;
		};
		90548AC22D9B23AA00948C4E /* Resources */ = {
			isa = PBXResourcesBuildPhase;
			buildActionMask = 2147483647;
			files = (
			);
			runOnlyForDeploymentPostprocessing = 0;
		};
/* End PBXResourcesBuildPhase section */

/* Begin PBXSourcesBuildPhase section */
		90548AA92D9B239F00948C4E /* Sources */ = {
			isa = PBXSourcesBuildPhase;
			buildActionMask = 2147483647;
			files = (
			);
			runOnlyForDeploymentPostprocessing = 0;
		};
		90548AB62D9B23AA00948C4E /* Sources */ = {
			isa = PBXSourcesBuildPhase;
			buildActionMask = 2147483647;
			files = (
			);
			runOnlyForDeploymentPostprocessing = 0;
		};
		90548AC02D9B23AA00948C4E /* Sources */ = {
			isa = PBXSourcesBuildPhase;
			buildActionMask = 2147483647;
			files = (
			);
			runOnlyForDeploymentPostprocessing = 0;
		};
/* End PBXSourcesBuildPhase section */

/* Begin PBXTargetDependency section */
		90548ABC2D9B23AA00948C4E /* PBXTargetDependency */ = {
			isa = PBXTargetDependency;
			target = 90548AAC2D9B239F00948C4E /* PicStream */;
			targetProxy = 90548ABB2D9B23AA00948C4E /* PBXContainerItemProxy */;
		};
		90548AC62D9B23AA00948C4E /* PBXTargetDependency */ = {
			isa = PBXTargetDependency;
			target = 90548AAC2D9B239F00948C4E /* PicStream */;
			targetProxy = 90548AC52D9B23AA00948C4E /* PBXContainerItemProxy */;
		};
/* End PBXTargetDependency section */

/* Begin XCBuildConfiguration section */
		90548ACC2D9B23AA00948C4E /* Debug */ = {
			isa = XCBuildConfiguration;
			buildSettings = {
				ALWAYS_SEARCH_USER_PATHS = NO;
				ASSETCATALOG_COMPILER_GENERATE_SWIFT_ASSET_SYMBOL_EXTENSIONS = YES;
				CLANG_ANALYZER_NONNULL = YES;
				CLANG_ANALYZER_NUMBER_OBJECT_CONVERSION = YES_AGGRESSIVE;
				CLANG_CXX_LANGUAGE_STANDARD = "gnu++20";
				CLANG_ENABLE_MODULES = YES;
				CLANG_ENABLE_OBJC_ARC = YES;
				CLANG_ENABLE_OBJC_WEAK = YES;
				CLANG_WARN_BLOCK_CAPTURE_AUTORELEASING = YES;
				CLANG_WARN_BOOL_CONVERSION = YES;
				CLANG_WARN_COMMA = YES;
				CLANG_WARN_CONSTANT_CONVERSION = YES;
				CLANG_WARN_DEPRECATED_OBJC_IMPLEMENTATIONS = YES;
				CLANG_WARN_DIRECT_OBJC_ISA_USAGE = YES_ERROR;
				CLANG_WARN_DOCUMENTATION_COMMENTS = YES;
				CLANG_WARN_EMPTY_BODY = YES;
				CLANG_WARN_ENUM_CONVERSION = YES;
				CLANG_WARN_INFINITE_RECURSION = YES;
				CLANG_WARN_INT_CONVERSION = YES;
				CLANG_WARN_NON_LITERAL_NULL_CONVERSION = YES;
				CLANG_WARN_OBJC_IMPLICIT_RETAIN_SELF = YES;
				CLANG_WARN_OBJC_LITERAL_CONVERSION = YES;
				CLANG_WARN_OBJC_ROOT_CLASS = YES_ERROR;
				CLANG_WARN_QUOTED_INCLUDE_IN_FRAMEWORK_HEADER = YES;
				CLANG_WARN_RANGE_LOOP_ANALYSIS = YES;
				CLANG_WARN_STRICT_PROTOTYPES = YES;
				CLANG_WARN_SUSPICIOUS_MOVE = YES;
				CLANG_WARN_UNGUARDED_AVAILABILITY = YES_AGGRESSIVE;
				CLANG_WARN_UNREACHABLE_CODE = YES;
				CLANG_WARN__DUPLICATE_METHOD_MATCH = YES;
				CODE_SIGN_IDENTITY = "Apple Development";
				COPY_PHASE_STRIP = NO;
				DEBUG_INFORMATION_FORMAT = dwarf;
				DEVELOPMENT_TEAM = S3F4FN8L2K;
				ENABLE_STRICT_OBJC_MSGSEND = YES;
				ENABLE_TESTABILITY = YES;
				ENABLE_USER_SCRIPT_SANDBOXING = YES;
				GCC_C_LANGUAGE_STANDARD = gnu17;
				GCC_DYNAMIC_NO_PIC = NO;
				GCC_NO_COMMON_BLOCKS = YES;
				GCC_OPTIMIZATION_LEVEL = 0;
				GCC_PREPROCESSOR_DEFINITIONS = (
					"DEBUG=1",
					"$(inherited)",
				);
				GCC_WARN_64_TO_32_BIT_CONVERSION = YES;
				GCC_WARN_ABOUT_RETURN_TYPE = YES_ERROR;
				GCC_WARN_UNDECLARED_SELECTOR = YES;
				GCC_WARN_UNINITIALIZED_AUTOS = YES_AGGRESSIVE;
				GCC_WARN_UNUSED_FUNCTION = YES;
				GCC_WARN_UNUSED_VARIABLE = YES;
				INFOPLIST_FILE = "<key>NSPhotoLibraryUsageDescription</key>\n<string>Aplikacja potrzebuje dostępu do zdjęć, aby je przesłać na komputer.</string>";
				IPHONEOS_DEPLOYMENT_TARGET = 18.0.1;
				LOCALIZATION_PREFERS_STRING_CATALOGS = YES;
				MTL_ENABLE_DEBUG_INFO = INCLUDE_SOURCE;
				MTL_FAST_MATH = YES;
				ONLY_ACTIVE_ARCH = YES;
				SDKROOT = iphoneos;
				SWIFT_ACTIVE_COMPILATION_CONDITIONS = "DEBUG $(inherited)";
				SWIFT_OPTIMIZATION_LEVEL = "-Onone";
			};
			name = Debug;
		};
		90548ACD2D9B23AA00948C4E /* Release */ = {
			isa = XCBuildConfiguration;
			buildSettings = {
				ALWAYS_SEARCH_USER_PATHS = NO;
				ASSETCATALOG_COMPILER_GENERATE_SWIFT_ASSET_SYMBOL_EXTENSIONS = YES;
				CLANG_ANALYZER_NONNULL = YES;
				CLANG_ANALYZER_NUMBER_OBJECT_CONVERSION = YES_AGGRESSIVE;
				CLANG_CXX_LANGUAGE_STANDARD = "gnu++20";
				CLANG_ENABLE_MODULES = YES;
				CLANG_ENABLE_OBJC_ARC = YES;
				CLANG_ENABLE_OBJC_WEAK = YES;
				CLANG_WARN_BLOCK_CAPTURE_AUTORELEASING = YES;
				CLANG_WARN_BOOL_CONVERSION = YES;
				CLANG_WARN_COMMA = YES;
				CLANG_WARN_CONSTANT_CONVERSION = YES;
				CLANG_WARN_DEPRECATED_OBJC_IMPLEMENTATIONS = YES;
				CLANG_WARN_DIRECT_OBJC_ISA_USAGE = YES_ERROR;
				CLANG_WARN_DOCUMENTATION_COMMENTS = YES;
				CLANG_WARN_EMPTY_BODY = YES;
				CLANG_WARN_ENUM_CONVERSION = YES;
				CLANG_WARN_INFINITE_RECURSION = YES;
				CLANG_WARN_INT_CONVERSION = YES;
				CLANG_WARN_NON_LITERAL_NULL_CONVERSION = YES;
				CLANG_WARN_OBJC_IMPLICIT_RETAIN_SELF = YES;
				CLANG_WARN_OBJC_LITERAL_CONVERSION = YES;
				CLANG_WARN_OBJC_ROOT_CLASS = YES_ERROR;
				CLANG_WARN_QUOTED_INCLUDE_IN_FRAMEWORK_HEADER = YES;
				CLANG_WARN_RANGE_LOOP_ANALYSIS = YES;
				CLANG_WARN_STRICT_PROTOTYPES = YES;
				CLANG_WARN_SUSPICIOUS_MOVE = YES;
				CLANG_WARN_UNGUARDED_AVAILABILITY = YES_AGGRESSIVE;
				CLANG_WARN_UNREACHABLE_CODE = YES;
				CLANG_WARN__DUPLICATE_METHOD_MATCH = YES;
				CODE_SIGN_IDENTITY = "Apple Development";
				COPY_PHASE_STRIP = NO;
				DEBUG_INFORMATION_FORMAT = "dwarf-with-dsym";
				DEVELOPMENT_TEAM = S3F4FN8L2K;
				ENABLE_NS_ASSERTIONS = NO;
				ENABLE_STRICT_OBJC_MSGSEND = YES;
				ENABLE_USER_SCRIPT_SANDBOXING = YES;
				GCC_C_LANGUAGE_STANDARD = gnu17;
				GCC_NO_COMMON_BLOCKS = YES;
				GCC_WARN_64_TO_32_BIT_CONVERSION = YES;
				GCC_WARN_ABOUT_RETURN_TYPE = YES_ERROR;
				GCC_WARN_UNDECLARED_SELECTOR = YES;
				GCC_WARN_UNINITIALIZED_AUTOS = YES_AGGRESSIVE;
				GCC_WARN_UNUSED_FUNCTION = YES;
				GCC_WARN_UNUSED_VARIABLE = YES;
				INFOPLIST_FILE = "<key>NSPhotoLibraryUsageDescription</key>\n<string>Aplikacja potrzebuje dostępu do zdjęć, aby je przesłać na komputer.</string>";
				IPHONEOS_DEPLOYMENT_TARGET = 18.0.1;
				LOCALIZATION_PREFERS_STRING_CATALOGS = YES;
				MTL_ENABLE_DEBUG_INFO = NO;
				MTL_FAST_MATH = YES;
				ONLY_ACTIVE_ARCH = YES;
				SDKROOT = iphoneos;
				SWIFT_COMPILATION_MODE = wholemodule;
				VALIDATE_PRODUCT = YES;
			};
			name = Release;
		};
		90548ACF2D9B23AA00948C4E /* Debug */ = {
			isa = XCBuildConfiguration;
			buildSettings = {
				ASSETCATALOG_COMPILER_APPICON_NAME = AppIcon;
				ASSETCATALOG_COMPILER_GLOBAL_ACCENT_COLOR_NAME = AccentColor;
				CODE_SIGN_STYLE = Automatic;
				CURRENT_PROJECT_VERSION = 1;
				DEVELOPMENT_TEAM = S3F4FN8L2K;
				ENABLE_PREVIEWS = YES;
				GENERATE_INFOPLIST_FILE = YES;
				INFOPLIST_FILE = PicStream/Info.plist;
				INFOPLIST_KEY_UIApplicationSceneManifest_Generation = YES;
				INFOPLIST_KEY_UIApplicationSupportsIndirectInputEvents = YES;
				INFOPLIST_KEY_UILaunchScreen_Generation = YES;
				INFOPLIST_KEY_UISupportedInterfaceOrientations_iPad = "UIInterfaceOrientationPortrait UIInterfaceOrientationPortraitUpsideDown UIInterfaceOrientationLandscapeLeft UIInterfaceOrientationLandscapeRight";
				INFOPLIST_KEY_UISupportedInterfaceOrientations_iPhone = "UIInterfaceOrientationPortrait UIInterfaceOrientationLandscapeLeft UIInterfaceOrientationLandscapeRight";
				LD_RUNPATH_SEARCH_PATHS = (
					"$(inherited)",
					"@executable_path/Frameworks",
				);
				MARKETING_VERSION = 1.0;
				PRODUCT_BUNDLE_IDENTIFIER = com.xenomimi.PicStream;
				PRODUCT_NAME = "$(TARGET_NAME)";
				SWIFT_EMIT_LOC_STRINGS = YES;
				SWIFT_VERSION = 5.0;
				TARGETED_DEVICE_FAMILY = 1;
			};
			name = Debug;
		};
		90548AD02D9B23AA00948C4E /* Release */ = {
			isa = XCBuildConfiguration;
			buildSettings = {
				ASSETCATALOG_COMPILER_APPICON_NAME = AppIcon;
				ASSETCATALOG_COMPILER_GLOBAL_ACCENT_COLOR_NAME = AccentColor;
				CODE_SIGN_STYLE = Automatic;
				CURRENT_PROJECT_VERSION = 1;
				DEVELOPMENT_TEAM = S3F4FN8L2K;
				ENABLE_PREVIEWS = YES;
				GENERATE_INFOPLIST_FILE = YES;
				INFOPLIST_FILE = PicStream/Info.plist;
				INFOPLIST_KEY_UIApplicationSceneManifest_Generation = YES;
				INFOPLIST_KEY_UIApplicationSupportsIndirectInputEvents = YES;
				INFOPLIST_KEY_UILaunchScreen_Generation = YES;
				INFOPLIST_KEY_UISupportedInterfaceOrientations_iPad = "UIInterfaceOrientationPortrait UIInterfaceOrientationPortraitUpsideDown UIInterfaceOrientationLandscapeLeft UIInterfaceOrientationLandscapeRight";
				INFOPLIST_KEY_UISupportedInterfaceOrientations_iPhone = "UIInterfaceOrientationPortrait UIInterfaceOrientationLandscapeLeft UIInterfaceOrientationLandscapeRight";
				LD_RUNPATH_SEARCH_PATHS = (
					"$(inherited)",
					"@executable_path/Frameworks",
				);
				MARKETING_VERSION = 1.0;
				PRODUCT_BUNDLE_IDENTIFIER = com.xenomimi.PicStream;
				PRODUCT_NAME = "$(TARGET_NAME)";
				SWIFT_EMIT_LOC_STRINGS = YES;
				SWIFT_VERSION = 5.0;
				TARGETED_DEVICE_FAMILY = 1;
			};
			name = Release;
		};
		90548AD22D9B23AA00948C4E /* Debug */ = {
			isa = XCBuildConfiguration;
			buildSettings = {
				BUNDLE_LOADER = "$(TEST_HOST)";
				CODE_SIGN_STYLE = Automatic;
				CURRENT_PROJECT_VERSION = 1;
				DEVELOPMENT_TEAM = S3F4FN8L2K;
				GENERATE_INFOPLIST_FILE = YES;
				IPHONEOS_DEPLOYMENT_TARGET = 18.4;
				MARKETING_VERSION = 1.0;
				PRODUCT_BUNDLE_IDENTIFIER = com.xenomimi.PicStreamTests;
				PRODUCT_NAME = "$(TARGET_NAME)";
				SWIFT_EMIT_LOC_STRINGS = NO;
				SWIFT_VERSION = 5.0;
				TARGETED_DEVICE_FAMILY = "1,2";
				TEST_HOST = "$(BUILT_PRODUCTS_DIR)/PicStream.app/$(BUNDLE_EXECUTABLE_FOLDER_PATH)/PicStream";
			};
			name = Debug;
		};
		90548AD32D9B23AA00948C4E /* Release */ = {
			isa = XCBuildConfiguration;
			buildSettings = {
				BUNDLE_LOADER = "$(TEST_HOST)";
				CODE_SIGN_STYLE = Automatic;
				CURRENT_PROJECT_VERSION = 1;
				DEVELOPMENT_TEAM = S3F4FN8L2K;
				GENERATE_INFOPLIST_FILE = YES;
				IPHONEOS_DEPLOYMENT_TARGET = 18.4;
				MARKETING_VERSION = 1.0;
				PRODUCT_BUNDLE_IDENTIFIER = com.xenomimi.PicStreamTests;
				PRODUCT_NAME = "$(TARGET_NAME)";
				SWIFT_EMIT_LOC_STRINGS = NO;
				SWIFT_VERSION = 5.0;
				TARGETED_DEVICE_FAMILY = "1,2";
				TEST_HOST = "$(BUILT_PRODUCTS_DIR)/PicStream.app/$(BUNDLE_EXECUTABLE_FOLDER_PATH)/PicStream";
			};
			name = Release;
		};
		90548AD52D9B23AA00948C4E /* Debug */ = {
			isa = XCBuildConfiguration;
			buildSettings = {
				CODE_SIGN_STYLE = Automatic;
				CURRENT_PROJECT_VERSION = 1;
				DEVELOPMENT_TEAM = S3F4FN8L2K;
				GENERATE_INFOPLIST_FILE = YES;
				MARKETING_VERSION = 1.0;
				PRODUCT_BUNDLE_IDENTIFIER = com.xenomimi.PicStreamUITests;
				PRODUCT_NAME = "$(TARGET_NAME)";
				SWIFT_EMIT_LOC_STRINGS = NO;
				SWIFT_VERSION = 5.0;
				TARGETED_DEVICE_FAMILY = "1,2";
				TEST_TARGET_NAME = PicStream;
			};
			name = Debug;
		};
		90548AD62D9B23AA00948C4E /* Release */ = {
			isa = XCBuildConfiguration;
			buildSettings = {
				CODE_SIGN_STYLE = Automatic;
				CURRENT_PROJECT_VERSION = 1;
				DEVELOPMENT_TEAM = S3F4FN8L2K;
				GENERATE_INFOPLIST_FILE = YES;
				MARKETING_VERSION = 1.0;
				PRODUCT_BUNDLE_IDENTIFIER = com.xenomimi.PicStreamUITests;
				PRODUCT_NAME = "$(TARGET_NAME)";
				SWIFT_EMIT_LOC_STRINGS = NO;
				SWIFT_VERSION = 5.0;
				TARGETED_DEVICE_FAMILY = "1,2";
				TEST_TARGET_NAME = PicStream;
			};
			name = Release;
		};
/* End XCBuildConfiguration section */

/* Begin XCConfigurationList section */
		90548AA82D9B239F00948C4E /* Build configuration list for PBXProject "PicStream" */ = {
			isa = XCConfigurationList;
			buildConfigurations = (
				90548ACC2D9B23AA00948C4E /* Debug */,
				90548ACD2D9B23AA00948C4E /* Release */,
			);
			defaultConfigurationIsVisible = 0;
			defaultConfigurationName = Release;
		};
		90548ACE2D9B23AA00948C4E /* Build configuration list for PBXNativeTarget "PicStream" */ = {
			isa = XCConfigurationList;
			buildConfigurations = (
				90548ACF2D9B23AA00948C4E /* Debug */,
				90548AD02D9B23AA00948C4E /* Release */,
			);
			defaultConfigurationIsVisible = 0;
			defaultConfigurationName = Release;
		};
		90548AD12D9B23AA00948C4E /* Build configuration list for PBXNativeTarget "PicStreamTests" */ = {
			isa = XCConfigurationList;
			buildConfigurations = (
				90548AD22D9B23AA00948C4E /* Debug */,
				90548AD32D9B23AA00948C4E /* Release */,
			);
			defaultConfigurationIsVisible = 0;
			defaultConfigurationName = Release;
		};
		90548AD42D9B23AA00948C4E /* Build configuration list for PBXNativeTarget "PicStreamUITests" */ = {
			isa = XCConfigurationList;
			buildConfigurations = (
				90548AD52D9B23AA00948C4E /* Debug */,
				90548AD62D9B23AA00948C4E /* Release */,
			);
			defaultConfigurationIsVisible = 0;
			defaultConfigurationName = Release;
		};
/* End XCConfigurationList section */

/* Begin XCRemoteSwiftPackageReference section */
		907682222D9B32A1008CD540 /* XCRemoteSwiftPackageReference "AMSMB2" */ = {
			isa = XCRemoteSwiftPackageReference;
			repositoryURL = "https://github.com/amosavian/AMSMB2";
			requirement = {
				kind = exactVersion;
				version = 4.0.2;
			};
		};
/* End XCRemoteSwiftPackageReference section */

/* Begin XCSwiftPackageProductDependency section */
		907682232D9B32A1008CD540 /* AMSMB2 */ = {
			isa = XCSwiftPackageProductDependency;
			package = 907682222D9B32A1008CD540 /* XCRemoteSwiftPackageReference "AMSMB2" */;
			productName = AMSMB2;
		};
/* End XCSwiftPackageProductDependency section */
	};
	rootObject = 90548AA52D9B239F00948C4E /* Project object */;
}
